
Microsoft Visual Studio Solution File, Format Version 12.00
# Visual Studio Version 18
VisualStudioVersion = 18.4.11612.150 stable
MinimumVisualStudioVersion = 10.0.40219.1
Project("{FAE04EC0-301F-11D3-BF4B-00C04F79EFBC}") = "LoanService", "LoanService.csproj", "{B4217A54-ED3B-3741-1960-817416A21875}"
EndProject
Global
	GlobalSection(SolutionConfigurationPlatforms) = preSolution
		Debug|Any CPU = Debug|Any CPU
		Release|Any CPU = Release|Any CPU
	EndGlobalSection
	GlobalSection(ProjectConfigurationPlatforms) = postSolution
		{B4217A54-ED3B-3741-1960-817416A21875}.Debug|Any CPU.ActiveCfg = Debug|Any CPU
		{B4217A54-ED3B-3741-1960-817416A21875}.Debug|Any CPU.Build.0 = Debug|Any CPU
		{B4217A54-ED3B-3741-1960-817416A21875}.Release|Any CPU.ActiveCfg = Release|Any CPU
		{B4217A54-ED3B-3741-1960-817416A21875}.Release|Any CPU.Build.0 = Release|Any CPU
	EndGlobalSection
	GlobalSection(SolutionProperties) = preSolution
		HideSolutionNode = FALSE
	EndGlobalSection
	GlobalSection(ExtensibilityGlobals) = postSolution
		SolutionGuid = {3DE4540A-7AE4-4C72-9261-81C98F44DE56}
	EndGlobalSection
EndGlobal
